schema: '2.0'
stages:
  stage_01:
    cmd: python stage_01.py
    deps:
    - path: stage_01.py
      md5: 33c5554961edd8266c3f58fb66d8e3b7
      size: 80
    outs:
    - path: artifacts01.txt
      md5: 7e6214bb528dd69609564aa1392a7e53
      size: 8
  stage_02:
    cmd: python stage_02.py
    deps:
    - path: artifacts01.txt
      md5: 7e6214bb528dd69609564aa1392a7e53
      size: 8
    - path: stage_02.py
      md5: 6c9b5187884e6f172db6825741485df2
      size: 77
